
Microsoft Visual Studio Solution File, Format Version 12.00
# Visual Studio Version 17
VisualStudioVersion = 17.0.31903.59
MinimumVisualStudioVersion = 10.0.40219.1
Project("{FAE04EC0-301F-11D3-BF4B-00C04F79EFBC}") = "UserService.Core", "UserService.Core\UserService.Core.csproj", "{2C0BB6FA-8490-4554-AA04-D92FA60973BF}"
EndProject
Project("{FAE04EC0-301F-11D3-BF4B-00C04F79EFBC}") = "UserService.Infrastructure", "UserService.Infrastructure\UserService.Infrastructure.csproj", "{FAC0AF8C-B2A6-46BD-A7B9-A21F9DDC25AB}"
EndProject
Project("{FAE04EC0-301F-11D3-BF4B-00C04F79EFBC}") = "UserService.API", "UserService.API\UserService.API.csproj", "{538E7E61-563E-4FD5-9337-58C0550108E2}"
EndProject
Project("{2150E333-8FDC-42A3-9474-1A3956D46DE8}") = "docs", "docs", "{208BA388-4CEE-2CBF-559C-5607C099C1F8}"
EndProject
Global
	GlobalSection(SolutionConfigurationPlatforms) = preSolution
		Debug|Any CPU = Debug|Any CPU
		Release|Any CPU = Release|Any CPU
	EndGlobalSection
	GlobalSection(ProjectConfigurationPlatforms) = postSolution
		{2C0BB6FA-8490-4554-AA04-D92FA60973BF}.Debug|Any CPU.ActiveCfg = Debug|Any CPU
		{2C0BB6FA-8490-4554-AA04-D92FA60973BF}.Debug|Any CPU.Build.0 = Debug|Any CPU
		{2C0BB6FA-8490-4554-AA04-D92FA60973BF}.Release|Any CPU.ActiveCfg = Release|Any CPU
		{2C0BB6FA-8490-4554-AA04-D92FA60973BF}.Release|Any CPU.Build.0 = Release|Any CPU
		{FAC0AF8C-B2A6-46BD-A7B9-A21F9DDC25AB}.Debug|Any CPU.ActiveCfg = Debug|Any CPU
		{FAC0AF8C-B2A6-46BD-A7B9-A21F9DDC25AB}.Debug|Any CPU.Build.0 = Debug|Any CPU
		{FAC0AF8C-B2A6-46BD-A7B9-A21F9DDC25AB}.Release|Any CPU.ActiveCfg = Release|Any CPU
		{FAC0AF8C-B2A6-46BD-A7B9-A21F9DDC25AB}.Release|Any CPU.Build.0 = Release|Any CPU
		{538E7E61-563E-4FD5-9337-58C0550108E2}.Debug|Any CPU.ActiveCfg = Debug|Any CPU
		{538E7E61-563E-4FD5-9337-58C0550108E2}.Debug|Any CPU.Build.0 = Debug|Any CPU
		{538E7E61-563E-4FD5-9337-58C0550108E2}.Release|Any CPU.ActiveCfg = Release|Any CPU
		{538E7E61-563E-4FD5-9337-58C0550108E2}.Release|Any CPU.Build.0 = Release|Any CPU
	EndGlobalSection
	GlobalSection(SolutionProperties) = preSolution
		HideSolutionNode = FALSE
	EndGlobalSection
EndGlobal
